
Microsoft Visual Studio Solution File, Format Version 12.00
# Visual Studio Version 16
VisualStudioVersion = 16.0.29911.84
MinimumVisualStudioVersion = 10.0.40219.1
Project("{FAE04EC0-301F-11D3-BF4B-00C04F79EFBC}") = "BackEnd", "BackEnd\BackEnd.csproj", "{9AAEE959-6D58-492D-B1EB-55BF27204105}"
EndProject
Global
	GlobalSection(SolutionConfigurationPlatforms) = preSolution
		Debug|Any CPU = Debug|Any CPU
		Release|Any CPU = Release|Any CPU
	EndGlobalSection
	GlobalSection(ProjectConfigurationPlatforms) = postSolution
		{9AAEE959-6D58-492D-B1EB-55BF27204105}.Debug|Any CPU.ActiveCfg = Debug|Any CPU
		{9AAEE959-6D58-492D-B1EB-55BF27204105}.Debug|Any CPU.Build.0 = Debug|Any CPU
		{9AAEE959-6D58-492D-B1EB-55BF27204105}.Release|Any CPU.ActiveCfg = Release|Any CPU
		{9AAEE959-6D58-492D-B1EB-55BF27204105}.Release|Any CPU.Build.0 = Release|Any CPU
	EndGlobalSection
	GlobalSection(SolutionProperties) = preSolution
		HideSolutionNode = FALSE
	EndGlobalSection
	GlobalSection(ExtensibilityGlobals) = postSolution
		SolutionGuid = {8097C7D3-B9BC-4992-BF68-DB56FAA17DD6}
	EndGlobalSection
EndGlobal
